
Microsoft Visual Studio Solution File, Format Version 12.00
# Visual Studio 15
VisualStudioVersion = 15.0.28010.2041
MinimumVisualStudioVersion = 10.0.40219.1
Project("{FAE04EC0-301F-11D3-BF4B-00C04F79EFBC}") = "Katale-Server-", "Katale-Server-\Katale-Server-.csproj", "{06ECD7D7-3C32-492A-9A34-6833F884F195}"
EndProject
Global
	GlobalSection(SolutionConfigurationPlatforms) = preSolution
		Debug|Any CPU = Debug|Any CPU
		Release|Any CPU = Release|Any CPU
	EndGlobalSection
	GlobalSection(ProjectConfigurationPlatforms) = postSolution
		{06ECD7D7-3C32-492A-9A34-6833F884F195}.Debug|Any CPU.ActiveCfg = Debug|Any CPU
		{06ECD7D7-3C32-492A-9A34-6833F884F195}.Debug|Any CPU.Build.0 = Debug|Any CPU
		{06ECD7D7-3C32-492A-9A34-6833F884F195}.Release|Any CPU.ActiveCfg = Release|Any CPU
		{06ECD7D7-3C32-492A-9A34-6833F884F195}.Release|Any CPU.Build.0 = Release|Any CPU
	EndGlobalSection
	GlobalSection(SolutionProperties) = preSolution
		HideSolutionNode = FALSE
	EndGlobalSection
	GlobalSection(ExtensibilityGlobals) = postSolution
		SolutionGuid = {667BA346-277A-4CAE-B865-E96DDD6C9CE1}
	EndGlobalSection
EndGlobal
